// !$*UTF8*$!
{
	archiveVersion = 1;
	classes = {
	};
	objectVersion = 48;
	objects = {

/* Begin PBXBuildFile section */
		1A436E754FAC84B83A99ABD7 /* Pods_BitCamp.framework in Frameworks */ = {isa = PBXBuildFile; fileRef = D70453AEADBD2A8651C43B5A /* Pods_BitCamp.framework */; };
		98AFFD3E20794F53009041AE /* Eddystone.swift in Sources */ = {isa = PBXBuildFile; fileRef = 98AFFD3D20794F53009041AE /* Eddystone.swift */; };
		98AFFD4120794F8A009041AE /* BeaconScanner.swift in Sources */ = {isa = PBXBuildFile; fileRef = 98AFFD4020794F8A009041AE /* BeaconScanner.swift */; };
		98AFFD4320794FA4009041AE /* DispatchTimer.swift in Sources */ = {isa = PBXBuildFile; fileRef = 98AFFD4220794FA4009041AE /* DispatchTimer.swift */; };
		A802AB53207863D5003A8987 /* AppDelegate.swift in Sources */ = {isa = PBXBuildFile; fileRef = A802AB52207863D5003A8987 /* AppDelegate.swift */; };
		A802AB55207863D5003A8987 /* ViewController.swift in Sources */ = {isa = PBXBuildFile; fileRef = A802AB54207863D5003A8987 /* ViewController.swift */; };
		A802AB58207863D5003A8987 /* Main.storyboard in Resources */ = {isa = PBXBuildFile; fileRef = A802AB56207863D5003A8987 /* Main.storyboard */; };
		A802AB5D207863D5003A8987 /* LaunchScreen.storyboard in Resources */ = {isa = PBXBuildFile; fileRef = A802AB5B207863D5003A8987 /* LaunchScreen.storyboard */; };
		A802AB6520787052003A8987 /* Assets.xcassets in Resources */ = {isa = PBXBuildFile; fileRef = A802AB6420787052003A8987 /* Assets.xcassets */; };
		CBD4D95020790FDC00AC753E /* NewCarViewController.swift in Sources */ = {isa = PBXBuildFile; fileRef = CBD4D94F20790FDC00AC753E /* NewCarViewController.swift */; };
		CBD4D9542079179F00AC753E /* MainMenuViewController.swift in Sources */ = {isa = PBXBuildFile; fileRef = CBD4D9532079179F00AC753E /* MainMenuViewController.swift */; };
		CBD4D96A20792D8200AC753E /* EventsViewController.swift in Sources */ = {isa = PBXBuildFile; fileRef = CBD4D96920792D8200AC753E /* EventsViewController.swift */; };
		CBD4D976207952AE00AC753E /* Event2ViewController.swift in Sources */ = {isa = PBXBuildFile; fileRef = CBD4D975207952AE00AC753E /* Event2ViewController.swift */; };
/* End PBXBuildFile section */

/* Begin PBXFileReference section */
		68B3F9B5A49F666CAB81EBFB /* Pods-BitCamp.debug.xcconfig */ = {isa = PBXFileReference; includeInIndex = 1; lastKnownFileType = text.xcconfig; name = "Pods-BitCamp.debug.xcconfig"; path = "Pods/Target Support Files/Pods-BitCamp/Pods-BitCamp.debug.xcconfig"; sourceTree = "<group>"; };
		7D043348C65A4355613EB8A3 /* Pods-BitCamp.release.xcconfig */ = {isa = PBXFileReference; includeInIndex = 1; lastKnownFileType = text.xcconfig; name = "Pods-BitCamp.release.xcconfig"; path = "Pods/Target Support Files/Pods-BitCamp/Pods-BitCamp.release.xcconfig"; sourceTree = "<group>"; };
		98AFFD3D20794F53009041AE /* Eddystone.swift */ = {isa = PBXFileReference; lastKnownFileType = sourcecode.swift; path = Eddystone.swift; sourceTree = "<group>"; };
		98AFFD4020794F8A009041AE /* BeaconScanner.swift */ = {isa = PBXFileReference; lastKnownFileType = sourcecode.swift; path = BeaconScanner.swift; sourceTree = "<group>"; };
		98AFFD4220794FA4009041AE /* DispatchTimer.swift */ = {isa = PBXFileReference; lastKnownFileType = sourcecode.swift; path = DispatchTimer.swift; sourceTree = "<group>"; };
		A802AB4F207863D5003A8987 /* BitCamp.app */ = {isa = PBXFileReference; explicitFileType = wrapper.application; includeInIndex = 0; path = BitCamp.app; sourceTree = BUILT_PRODUCTS_DIR; };
		A802AB52207863D5003A8987 /* AppDelegate.swift */ = {isa = PBXFileReference; lastKnownFileType = sourcecode.swift; path = AppDelegate.swift; sourceTree = "<group>"; };
		A802AB54207863D5003A8987 /* ViewController.swift */ = {isa = PBXFileReference; lastKnownFileType = sourcecode.swift; path = ViewController.swift; sourceTree = "<group>"; };
		A802AB57207863D5003A8987 /* Base */ = {isa = PBXFileReference; lastKnownFileType = file.storyboard; name = Base; path = Base.lproj/Main.storyboard; sourceTree = "<group>"; };
		A802AB5C207863D5003A8987 /* Base */ = {isa = PBXFileReference; lastKnownFileType = file.storyboard; name = Base; path = Base.lproj/LaunchScreen.storyboard; sourceTree = "<group>"; };
		A802AB5E207863D5003A8987 /* Info.plist */ = {isa = PBXFileReference; lastKnownFileType = text.plist.xml; path = Info.plist; sourceTree = "<group>"; };
		A802AB6420787052003A8987 /* Assets.xcassets */ = {isa = PBXFileReference; lastKnownFileType = folder.assetcatalog; path = Assets.xcassets; sourceTree = "<group>"; };
		CBD4D94F20790FDC00AC753E /* NewCarViewController.swift */ = {isa = PBXFileReference; lastKnownFileType = sourcecode.swift; path = NewCarViewController.swift; sourceTree = "<group>"; };
		CBD4D9532079179F00AC753E /* MainMenuViewController.swift */ = {isa = PBXFileReference; lastKnownFileType = sourcecode.swift; path = MainMenuViewController.swift; sourceTree = "<group>"; };
		CBD4D96920792D8200AC753E /* EventsViewController.swift */ = {isa = PBXFileReference; lastKnownFileType = sourcecode.swift; path = EventsViewController.swift; sourceTree = "<group>"; };
		CBD4D975207952AE00AC753E /* Event2ViewController.swift */ = {isa = PBXFileReference; lastKnownFileType = sourcecode.swift; path = Event2ViewController.swift; sourceTree = "<group>"; };
		D70453AEADBD2A8651C43B5A /* Pods_BitCamp.framework */ = {isa = PBXFileReference; explicitFileType = wrapper.framework; includeInIndex = 0; path = Pods_BitCamp.framework; sourceTree = BUILT_PRODUCTS_DIR; };
/* End PBXFileReference section */

/* Begin PBXFrameworksBuildPhase section */
		A802AB4C207863D5003A8987 /* Frameworks */ = {
			isa = PBXFrameworksBuildPhase;
			buildActionMask = 2147483647;
			files = (
				1A436E754FAC84B83A99ABD7 /* Pods_BitCamp.framework in Frameworks */,
			);
			runOnlyForDeploymentPostprocessing = 0;
		};
/* End PBXFrameworksBuildPhase section */

/* Begin PBXGroup section */
		5E82EFDED645F07D9980B50D /* Pods */ = {
			isa = PBXGroup;
			children = (
				68B3F9B5A49F666CAB81EBFB /* Pods-BitCamp.debug.xcconfig */,
				7D043348C65A4355613EB8A3 /* Pods-BitCamp.release.xcconfig */,
			);
			name = Pods;
			sourceTree = "<group>";
		};
		98AFFD3F20794F60009041AE /* Beacon Detection */ = {
			isa = PBXGroup;
			children = (
				98AFFD3D20794F53009041AE /* Eddystone.swift */,
				98AFFD4020794F8A009041AE /* BeaconScanner.swift */,
				98AFFD4220794FA4009041AE /* DispatchTimer.swift */,
			);
			path = "Beacon Detection";
			sourceTree = "<group>";
		};
		A802AB46207863D5003A8987 = {
			isa = PBXGroup;
			children = (
				A802AB51207863D5003A8987 /* BitCamp */,
				A802AB50207863D5003A8987 /* Products */,
				5E82EFDED645F07D9980B50D /* Pods */,
				D6DFCD577F239C9E0608ECCE /* Frameworks */,
			);
			sourceTree = "<group>";
		};
		A802AB50207863D5003A8987 /* Products */ = {
			isa = PBXGroup;
			children = (
				A802AB4F207863D5003A8987 /* BitCamp.app */,
			);
			name = Products;
			sourceTree = "<group>";
		};
		A802AB51207863D5003A8987 /* BitCamp */ = {
			isa = PBXGroup;
			children = (
				98AFFD3F20794F60009041AE /* Beacon Detection */,
				CBD4D96920792D8200AC753E /* EventsViewController.swift */,
				CBD4D975207952AE00AC753E /* Event2ViewController.swift */,
				CBD4D9532079179F00AC753E /* MainMenuViewController.swift */,
				CBD4D94F20790FDC00AC753E /* NewCarViewController.swift */,
				A802AB52207863D5003A8987 /* AppDelegate.swift */,
				A802AB54207863D5003A8987 /* ViewController.swift */,
				A802AB6420787052003A8987 /* Assets.xcassets */,
				A802AB56207863D5003A8987 /* Main.storyboard */,
				A802AB5B207863D5003A8987 /* LaunchScreen.storyboard */,
				A802AB5E207863D5003A8987 /* Info.plist */,
			);
			path = BitCamp;
			sourceTree = "<group>";
		};
		D6DFCD577F239C9E0608ECCE /* Frameworks */ = {
			isa = PBXGroup;
			children = (
				D70453AEADBD2A8651C43B5A /* Pods_BitCamp.framework */,
			);
			name = Frameworks;
			sourceTree = "<group>";
		};
/* End PBXGroup section */

/* Begin PBXNativeTarget section */
		A802AB4E207863D5003A8987 /* BitCamp */ = {
			isa = PBXNativeTarget;
			buildConfigurationList = A802AB61207863D5003A8987 /* Build configuration list for PBXNativeTarget "BitCamp" */;
			buildPhases = (
				1B242DB9C2D99867E2897A27 /* [CP] Check Pods Manifest.lock */,
				A802AB4B207863D5003A8987 /* Sources */,
				A802AB4C207863D5003A8987 /* Frameworks */,
				A802AB4D207863D5003A8987 /* Resources */,
				F1BCED9677E571D0B1BC6555 /* [CP] Embed Pods Frameworks */,
			);
			buildRules = (
			);
			dependencies = (
			);
			name = BitCamp;
			productName = BitCamp;
			productReference = A802AB4F207863D5003A8987 /* BitCamp.app */;
			productType = "com.apple.product-type.application";
		};
/* End PBXNativeTarget section */

/* Begin PBXProject section */
		A802AB47207863D5003A8987 /* Project object */ = {
			isa = PBXProject;
			attributes = {
				LastSwiftUpdateCheck = 0920;
				LastUpgradeCheck = 0920;
				ORGANIZATIONNAME = Vineeth;
				TargetAttributes = {
					A802AB4E207863D5003A8987 = {
						CreatedOnToolsVersion = 9.2;
						ProvisioningStyle = Automatic;
					};
				};
			};
			buildConfigurationList = A802AB4A207863D5003A8987 /* Build configuration list for PBXProject "BitCamp" */;
			compatibilityVersion = "Xcode 8.0";
			developmentRegion = en;
			hasScannedForEncodings = 0;
			knownRegions = (
				en,
				Base,
			);
			mainGroup = A802AB46207863D5003A8987;
			productRefGroup = A802AB50207863D5003A8987 /* Products */;
			projectDirPath = "";
			projectRoot = "";
			targets = (
				A802AB4E207863D5003A8987 /* BitCamp */,
			);
		};
/* End PBXProject section */

/* Begin PBXResourcesBuildPhase section */
		A802AB4D207863D5003A8987 /* Resources */ = {
			isa = PBXResourcesBuildPhase;
			buildActionMask = 2147483647;
			files = (
				A802AB5D207863D5003A8987 /* LaunchScreen.storyboard in Resources */,
				A802AB6520787052003A8987 /* Assets.xcassets in Resources */,
				A802AB58207863D5003A8987 /* Main.storyboard in Resources */,
			);
			runOnlyForDeploymentPostprocessing = 0;
		};
/* End PBXResourcesBuildPhase section */

/* Begin PBXShellScriptBuildPhase section */
		1B242DB9C2D99867E2897A27 /* [CP] Check Pods Manifest.lock */ = {
			isa = PBXShellScriptBuildPhase;
			buildActionMask = 2147483647;
			files = (
			);
			inputPaths = (
				"${PODS_PODFILE_DIR_PATH}/Podfile.lock",
				"${PODS_ROOT}/Manifest.lock",
			);
			name = "[CP] Check Pods Manifest.lock";
			outputPaths = (
				"$(DERIVED_FILE_DIR)/Pods-BitCamp-checkManifestLockResult.txt",
			);
			runOnlyForDeploymentPostprocessing = 0;
			shellPath = /bin/sh;
			shellScript = "diff \"${PODS_PODFILE_DIR_PATH}/Podfile.lock\" \"${PODS_ROOT}/Manifest.lock\" > /dev/null\nif [ $? != 0 ] ; then\n    # print error to STDERR\n    echo \"error: The sandbox is not in sync with the Podfile.lock. Run 'pod install' or update your CocoaPods installation.\" >&2\n    exit 1\nfi\n# This output is used by Xcode 'outputs' to avoid re-running this script phase.\necho \"SUCCESS\" > \"${SCRIPT_OUTPUT_FILE_0}\"\n";
			showEnvVarsInLog = 0;
		};
		F1BCED9677E571D0B1BC6555 /* [CP] Embed Pods Frameworks */ = {
			isa = PBXShellScriptBuildPhase;
			buildActionMask = 2147483647;
			files = (
			);
			inputPaths = (
				"${SRCROOT}/Pods/Target Support Files/Pods-BitCamp/Pods-BitCamp-frameworks.sh",
				"${BUILT_PRODUCTS_DIR}/ExtendedJson/ExtendedJson.framework",
				"${BUILT_PRODUCTS_DIR}/MongoDBService/MongoDBService.framework",
				"${BUILT_PRODUCTS_DIR}/PromiseKit/PromiseKit.framework",
				"${BUILT_PRODUCTS_DIR}/StitchCore/StitchCore.framework",
				"${BUILT_PRODUCTS_DIR}/StitchLogger/StitchLogger.framework",
			);
			name = "[CP] Embed Pods Frameworks";
			outputPaths = (
				"${TARGET_BUILD_DIR}/${FRAMEWORKS_FOLDER_PATH}/ExtendedJson.framework",
				"${TARGET_BUILD_DIR}/${FRAMEWORKS_FOLDER_PATH}/MongoDBService.framework",
				"${TARGET_BUILD_DIR}/${FRAMEWORKS_FOLDER_PATH}/PromiseKit.framework",
				"${TARGET_BUILD_DIR}/${FRAMEWORKS_FOLDER_PATH}/StitchCore.framework",
				"${TARGET_BUILD_DIR}/${FRAMEWORKS_FOLDER_PATH}/StitchLogger.framework",
			);
			runOnlyForDeploymentPostprocessing = 0;
			shellPath = /bin/sh;
			shellScript = "\"${SRCROOT}/Pods/Target Support Files/Pods-BitCamp/Pods-BitCamp-frameworks.sh\"\n";
			showEnvVarsInLog = 0;
		};
/* End PBXShellScriptBuildPhase section */

/* Begin PBXSourcesBuildPhase section */
		A802AB4B207863D5003A8987 /* Sources */ = {
			isa = PBXSourcesBuildPhase;
			buildActionMask = 2147483647;
			files = (
				CBD4D9542079179F00AC753E /* MainMenuViewController.swift in Sources */,
				98AFFD4120794F8A009041AE /* BeaconScanner.swift in Sources */,
				CBD4D95020790FDC00AC753E /* NewCarViewController.swift in Sources */,
				A802AB55207863D5003A8987 /* ViewController.swift in Sources */,
				98AFFD3E20794F53009041AE /* Eddystone.swift in Sources */,
				A802AB53207863D5003A8987 /* AppDelegate.swift in Sources */,
				CBD4D976207952AE00AC753E /* Event2ViewController.swift in Sources */,
				CBD4D96A20792D8200AC753E /* EventsViewController.swift in Sources */,
				98AFFD4320794FA4009041AE /* DispatchTimer.swift in Sources */,
			);
			runOnlyForDeploymentPostprocessing = 0;
		};
/* End PBXSourcesBuildPhase section */

/* Begin PBXVariantGroup section */
		A802AB56207863D5003A8987 /* Main.storyboard */ = {
			isa = PBXVariantGroup;
			children = (
				A802AB57207863D5003A8987 /* Base */,
			);
			name = Main.storyboard;
			sourceTree = "<group>";
		};
		A802AB5B207863D5003A8987 /* LaunchScreen.storyboard */ = {
			isa = PBXVariantGroup;
			children = (
				A802AB5C207863D5003A8987 /* Base */,
			);
			name = LaunchScreen.storyboard;
			sourceTree = "<group>";
		};
/* End PBXVariantGroup section */

/* Begin XCBuildConfiguration section */
		A802AB5F207863D5003A8987 /* Debug */ = {
			isa = XCBuildConfiguration;
			buildSettings = {
				ALWAYS_SEARCH_USER_PATHS = NO;
				CLANG_ANALYZER_NONNULL = YES;
				CLANG_ANALYZER_NUMBER_OBJECT_CONVERSION = YES_AGGRESSIVE;
				CLANG_CXX_LANGUAGE_STANDARD = "gnu++14";
				CLANG_CXX_LIBRARY = "libc++";
				CLANG_ENABLE_MODULES = YES;
				CLANG_ENABLE_OBJC_ARC = YES;
				CLANG_WARN_BLOCK_CAPTURE_AUTORELEASING = YES;
				CLANG_WARN_BOOL_CONVERSION = YES;
				CLANG_WARN_COMMA = YES;
				CLANG_WARN_CONSTANT_CONVERSION = YES;
				CLANG_WARN_DIRECT_OBJC_ISA_USAGE = YES_ERROR;
				CLANG_WARN_DOCUMENTATION_COMMENTS = YES;
				CLANG_WARN_EMPTY_BODY = YES;
				CLANG_WARN_ENUM_CONVERSION = YES;
				CLANG_WARN_INFINITE_RECURSION = YES;
				CLANG_WARN_INT_CONVERSION = YES;
				CLANG_WARN_NON_LITERAL_NULL_CONVERSION = YES;
				CLANG_WARN_OBJC_LITERAL_CONVERSION = YES;
				CLANG_WARN_OBJC_ROOT_CLASS = YES_ERROR;
				CLANG_WARN_RANGE_LOOP_ANALYSIS = YES;
				CLANG_WARN_STRICT_PROTOTYPES = YES;
				CLANG_WARN_SUSPICIOUS_MOVE = YES;
				CLANG_WARN_UNGUARDED_AVAILABILITY = YES_AGGRESSIVE;
				CLANG_WARN_UNREACHABLE_CODE = YES;
				CLANG_WARN__DUPLICATE_METHOD_MATCH = YES;
				CODE_SIGN_IDENTITY = "iPhone Developer";
				COPY_PHASE_STRIP = NO;
				DEBUG_INFORMATION_FORMAT = dwarf;
				ENABLE_STRICT_OBJC_MSGSEND = YES;
				ENABLE_TESTABILITY = YES;
				GCC_C_LANGUAGE_STANDARD = gnu11;
				GCC_DYNAMIC_NO_PIC = NO;
				GCC_NO_COMMON_BLOCKS = YES;
				GCC_OPTIMIZATION_LEVEL = 0;
				GCC_PREPROCESSOR_DEFINITIONS = (
					"DEBUG=1",
					"$(inherited)",
				);
				GCC_WARN_64_TO_32_BIT_CONVERSION = YES;
				GCC_WARN_ABOUT_RETURN_TYPE = YES_ERROR;
				GCC_WARN_UNDECLARED_SELECTOR = YES;
				GCC_WARN_UNINITIALIZED_AUTOS = YES_AGGRESSIVE;
				GCC_WARN_UNUSED_FUNCTION = YES;
				GCC_WARN_UNUSED_VARIABLE = YES;
				IPHONEOS_DEPLOYMENT_TARGET = 11.2;
				MTL_ENABLE_DEBUG_INFO = YES;
				ONLY_ACTIVE_ARCH = YES;
				SDKROOT = iphoneos;
				SWIFT_ACTIVE_COMPILATION_CONDITIONS = DEBUG;
				SWIFT_OPTIMIZATION_LEVEL = "-Onone";
			};
			name = Debug;
		};
		A802AB60207863D5003A8987 /* Release */ = {
			isa = XCBuildConfiguration;
			buildSettings = {
				ALWAYS_SEARCH_USER_PATHS = NO;
				CLANG_ANALYZER_NONNULL = YES;
				CLANG_ANALYZER_NUMBER_OBJECT_CONVERSION = YES_AGGRESSIVE;
				CLANG_CXX_LANGUAGE_STANDARD = "gnu++14";
				CLANG_CXX_LIBRARY = "libc++";
				CLANG_ENABLE_MODULES = YES;
				CLANG_ENABLE_OBJC_ARC = YES;
				CLANG_WARN_BLOCK_CAPTURE_AUTORELEASING = YES;
				CLANG_WARN_BOOL_CONVERSION = YES;
				CLANG_WARN_COMMA = YES;
				CLANG_WARN_CONSTANT_CONVERSION = YES;
				CLANG_WARN_DIRECT_OBJC_ISA_USAGE = YES_ERROR;
				CLANG_WARN_DOCUMENTATION_COMMENTS = YES;
				CLANG_WARN_EMPTY_BODY = YES;
				CLANG_WARN_ENUM_CONVERSION = YES;
				CLANG_WARN_INFINITE_RECURSION = YES;
				CLANG_WARN_INT_CONVERSION = YES;
				CLANG_WARN_NON_LITERAL_NULL_CONVERSION = YES;
				CLANG_WARN_OBJC_LITERAL_CONVERSION = YES;
				CLANG_WARN_OBJC_ROOT_CLASS = YES_ERROR;
				CLANG_WARN_RANGE_LOOP_ANALYSIS = YES;
				CLANG_WARN_STRICT_PROTOTYPES = YES;
				CLANG_WARN_SUSPICIOUS_MOVE = YES;
				CLANG_WARN_UNGUARDED_AVAILABILITY = YES_AGGRESSIVE;
				CLANG_WARN_UNREACHABLE_CODE = YES;
				CLANG_WARN__DUPLICATE_METHOD_MATCH = YES;
				CODE_SIGN_IDENTITY = "iPhone Developer";
				COPY_PHASE_STRIP = NO;
				DEBUG_INFORMATION_FORMAT = "dwarf-with-dsym";
				ENABLE_NS_ASSERTIONS = NO;
				ENABLE_STRICT_OBJC_MSGSEND = YES;
				GCC_C_LANGUAGE_STANDARD = gnu11;
				GCC_NO_COMMON_BLOCKS = YES;
				GCC_WARN_64_TO_32_BIT_CONVERSION = YES;
				GCC_WARN_ABOUT_RETURN_TYPE = YES_ERROR;
				GCC_WARN_UNDECLARED_SELECTOR = YES;
				GCC_WARN_UNINITIALIZED_AUTOS = YES_AGGRESSIVE;
				GCC_WARN_UNUSED_FUNCTION = YES;
				GCC_WARN_UNUSED_VARIABLE = YES;
				IPHONEOS_DEPLOYMENT_TARGET = 11.2;
				MTL_ENABLE_DEBUG_INFO = NO;
				SDKROOT = iphoneos;
				SWIFT_OPTIMIZATION_LEVEL = "-Owholemodule";
				VALIDATE_PRODUCT = YES;
			};
			name = Release;
		};
		A802AB62207863D5003A8987 /* Debug */ = {
			isa = XCBuildConfiguration;
			baseConfigurationReference = 68B3F9B5A49F666CAB81EBFB /* Pods-BitCamp.debug.xcconfig */;
			buildSettings = {
				ASSETCATALOG_COMPILER_APPICON_NAME = AppIcon;
				CODE_SIGN_STYLE = Automatic;
				DEVELOPMENT_TEAM = F8D8S8BR4K;
				INFOPLIST_FILE = BitCamp/Info.plist;
				LD_RUNPATH_SEARCH_PATHS = "$(inherited) @executable_path/Frameworks";
				PRODUCT_BUNDLE_IDENTIFIER = com.Justin.BitCamp;
				PRODUCT_NAME = "$(TARGET_NAME)";
				SWIFT_VERSION = 4.0;
				TARGETED_DEVICE_FAMILY = "1,2";
			};
			name = Debug;
		};
		A802AB63207863D5003A8987 /* Release */ = {
			isa = XCBuildConfiguration;
			baseConfigurationReference = 7D043348C65A4355613EB8A3 /* Pods-BitCamp.release.xcconfig */;
			buildSettings = {
				ASSETCATALOG_COMPILER_APPICON_NAME = AppIcon;
				CODE_SIGN_STYLE = Automatic;
				DEVELOPMENT_TEAM = F8D8S8BR4K;
				INFOPLIST_FILE = BitCamp/Info.plist;
				LD_RUNPATH_SEARCH_PATHS = "$(inherited) @executable_path/Frameworks";
				PRODUCT_BUNDLE_IDENTIFIER = com.Justin.BitCamp;
				PRODUCT_NAME = "$(TARGET_NAME)";
				SWIFT_VERSION = 4.0;
				TARGETED_DEVICE_FAMILY = "1,2";
			};
			name = Release;
		};
/* End XCBuildConfiguration section */

/* Begin XCConfigurationList section */
		A802AB4A207863D5003A8987 /* Build configuration list for PBXProject "BitCamp" */ = {
			isa = XCConfigurationList;
			buildConfigurations = (
				A802AB5F207863D5003A8987 /* Debug */,
				A802AB60207863D5003A8987 /* Release */,
			);
			defaultConfigurationIsVisible = 0;
			defaultConfigurationName = Release;
		};
		A802AB61207863D5003A8987 /* Build configuration list for PBXNativeTarget "BitCamp" */ = {
			isa = XCConfigurationList;
			buildConfigurations = (
				A802AB62207863D5003A8987 /* Debug */,
				A802AB63207863D5003A8987 /* Release */,
			);
			defaultConfigurationIsVisible = 0;
			defaultConfigurationName = Release;
		};
/* End XCConfigurationList section */
	};
	rootObject = A802AB47207863D5003A8987 /* Project object */;
}
